
Microsoft Visual Studio Solution File, Format Version 12.00
# Visual Studio Version 17
VisualStudioVersion = 17.5.33516.290
MinimumVisualStudioVersion = 10.0.40219.1
Project("{FAE04EC0-301F-11D3-BF4B-00C04F79EFBC}") = "Hogwarts Management System", "Hogwarts Management System\Hogwarts Management System.csproj", "{5D5AD4F2-1F55-46AE-A382-1C62C07543FA}"
EndProject
Global
	GlobalSection(SolutionConfigurationPlatforms) = preSolution
		Debug|Any CPU = Debug|Any CPU
		Release|Any CPU = Release|Any CPU
	EndGlobalSection
	GlobalSection(ProjectConfigurationPlatforms) = postSolution
		{5D5AD4F2-1F55-46AE-A382-1C62C07543FA}.Debug|Any CPU.ActiveCfg = Debug|Any CPU
		{5D5AD4F2-1F55-46AE-A382-1C62C07543FA}.Debug|Any CPU.Build.0 = Debug|Any CPU
		{5D5AD4F2-1F55-46AE-A382-1C62C07543FA}.Release|Any CPU.ActiveCfg = Release|Any CPU
		{5D5AD4F2-1F55-46AE-A382-1C62C07543FA}.Release|Any CPU.Build.0 = Release|Any CPU
	EndGlobalSection
	GlobalSection(SolutionProperties) = preSolution
		HideSolutionNode = FALSE
	EndGlobalSection
	GlobalSection(ExtensibilityGlobals) = postSolution
		SolutionGuid = {B867D512-4D97-439A-9DA8-52B958E5ED88}
	EndGlobalSection
EndGlobal
